// !$*UTF8*$!
{
	archiveVersion = 1;
	classes = {
	};
	objectVersion = 56;
	objects = {

/* Begin PBXBuildFile section */
		2726F4152C934CCA006ECBD3 /* OMT_Recording_AppApp.swift in Sources */ = {isa = PBXBuildFile; fileRef = 2726F4142C934CCA006ECBD3 /* OMT_Recording_AppApp.swift */; };
		2726F4172C934CCA006ECBD3 /* ContentView.swift in Sources */ = {isa = PBXBuildFile; fileRef = 2726F4162C934CCA006ECBD3 /* ContentView.swift */; };
		2726F4192C934CCB006ECBD3 /* Assets.xcassets in Resources */ = {isa = PBXBuildFile; fileRef = 2726F4182C934CCB006ECBD3 /* Assets.xcassets */; };
		2726F41C2C934CCB006ECBD3 /* Preview Assets.xcassets in Resources */ = {isa = PBXBuildFile; fileRef = 2726F41B2C934CCB006ECBD3 /* Preview Assets.xcassets */; };
		2726F4262C934CCB006ECBD3 /* OMT_Recording_AppTests.swift in Sources */ = {isa = PBXBuildFile; fileRef = 2726F4252C934CCB006ECBD3 /* OMT_Recording_AppTests.swift */; };
		2726F4302C934CCC006ECBD3 /* OMT_Recording_AppUITests.swift in Sources */ = {isa = PBXBuildFile; fileRef = 2726F42F2C934CCC006ECBD3 /* OMT_Recording_AppUITests.swift */; };
		2726F4322C934CCC006ECBD3 /* OMT_Recording_AppUITestsLaunchTests.swift in Sources */ = {isa = PBXBuildFile; fileRef = 2726F4312C934CCC006ECBD3 /* OMT_Recording_AppUITestsLaunchTests.swift */; };
/* End PBXBuildFile section */

/* Begin PBXContainerItemProxy section */
		2726F4222C934CCB006ECBD3 /* PBXContainerItemProxy */ = {
			isa = PBXContainerItemProxy;
			containerPortal = 2726F4092C934CCA006ECBD3 /* Project object */;
			proxyType = 1;
			remoteGlobalIDString = 2726F4102C934CCA006ECBD3;
			remoteInfo = "OMT Recording App";
		};
		2726F42C2C934CCC006ECBD3 /* PBXContainerItemProxy */ = {
			isa = PBXContainerItemProxy;
			containerPortal = 2726F4092C934CCA006ECBD3 /* Project object */;
			proxyType = 1;
			remoteGlobalIDString = 2726F4102C934CCA006ECBD3;
			remoteInfo = "OMT Recording App";
		};
/* End PBXContainerItemProxy section */

/* Begin PBXFileReference section */
		2726F4112C934CCA006ECBD3 /* OMT Recording App.app */ = {isa = PBXFileReference; explicitFileType = wrapper.application; includeInIndex = 0; path = "OMT Recording App.app"; sourceTree = BUILT_PRODUCTS_DIR; };
		2726F4142C934CCA006ECBD3 /* OMT_Recording_AppApp.swift */ = {isa = PBXFileReference; lastKnownFileType = sourcecode.swift; path = OMT_Recording_AppApp.swift; sourceTree = "<group>"; };
		2726F4162C934CCA006ECBD3 /* ContentView.swift */ = {isa = PBXFileReference; lastKnownFileType = sourcecode.swift; path = ContentView.swift; sourceTree = "<group>"; };
		2726F4182C934CCB006ECBD3 /* Assets.xcassets */ = {isa = PBXFileReference; lastKnownFileType = folder.assetcatalog; path = Assets.xcassets; sourceTree = "<group>"; };
		2726F41B2C934CCB006ECBD3 /* Preview Assets.xcassets */ = {isa = PBXFileReference; lastKnownFileType = folder.assetcatalog; path = "Preview Assets.xcassets"; sourceTree = "<group>"; };
		2726F4212C934CCB006ECBD3 /* OMT Recording AppTests.xctest */ = {isa = PBXFileReference; explicitFileType = wrapper.cfbundle; includeInIndex = 0; path = "OMT Recording AppTests.xctest"; sourceTree = BUILT_PRODUCTS_DIR; };
		2726F4252C934CCB006ECBD3 /* OMT_Recording_AppTests.swift */ = {isa = PBXFileReference; lastKnownFileType = sourcecode.swift; path = OMT_Recording_AppTests.swift; sourceTree = "<group>"; };
		2726F42B2C934CCC006ECBD3 /* OMT Recording AppUITests.xctest */ = {isa = PBXFileReference; explicitFileType = wrapper.cfbundle; includeInIndex = 0; path = "OMT Recording AppUITests.xctest"; sourceTree = BUILT_PRODUCTS_DIR; };
		2726F42F2C934CCC006ECBD3 /* OMT_Recording_AppUITests.swift */ = {isa = PBXFileReference; lastKnownFileType = sourcecode.swift; path = OMT_Recording_AppUITests.swift; sourceTree = "<group>"; };
		2726F4312C934CCC006ECBD3 /* OMT_Recording_AppUITestsLaunchTests.swift */ = {isa = PBXFileReference; lastKnownFileType = sourcecode.swift; path = OMT_Recording_AppUITestsLaunchTests.swift; sourceTree = "<group>"; };
/* End PBXFileReference section */

/* Begin PBXFrameworksBuildPhase section */
		2726F40E2C934CCA006ECBD3 /* Frameworks */ = {
			isa = PBXFrameworksBuildPhase;
			buildActionMask = 2147483647;
			files = (
			);
			runOnlyForDeploymentPostprocessing = 0;
		};
		2726F41E2C934CCB006ECBD3 /* Frameworks */ = {
			isa = PBXFrameworksBuildPhase;
			buildActionMask = 2147483647;
			files = (
			);
			runOnlyForDeploymentPostprocessing = 0;
		};
		2726F4282C934CCC006ECBD3 /* Frameworks */ = {
			isa = PBXFrameworksBuildPhase;
			buildActionMask = 2147483647;
			files = (
			);
			runOnlyForDeploymentPostprocessing = 0;
		};
/* End PBXFrameworksBuildPhase section */

/* Begin PBXGroup section */
		2726F4082C934CCA006ECBD3 = {
			isa = PBXGroup;
			children = (
				2726F4132C934CCA006ECBD3 /* OMT Recording App */,
				2726F4242C934CCB006ECBD3 /* OMT Recording AppTests */,
				2726F42E2C934CCC006ECBD3 /* OMT Recording AppUITests */,
				2726F4122C934CCA006ECBD3 /* Products */,
			);
			sourceTree = "<group>";
		};
		2726F4122C934CCA006ECBD3 /* Products */ = {
			isa = PBXGroup;
			children = (
				2726F4112C934CCA006ECBD3 /* OMT Recording App.app */,
				2726F4212C934CCB006ECBD3 /* OMT Recording AppTests.xctest */,
				2726F42B2C934CCC006ECBD3 /* OMT Recording AppUITests.xctest */,
			);
			name = Products;
			sourceTree = "<group>";
		};
		2726F4132C934CCA006ECBD3 /* OMT Recording App */ = {
			isa = PBXGroup;
			children = (
				2726F4142C934CCA006ECBD3 /* OMT_Recording_AppApp.swift */,
				2726F4162C934CCA006ECBD3 /* ContentView.swift */,
				2726F4182C934CCB006ECBD3 /* Assets.xcassets */,
				2726F41A2C934CCB006ECBD3 /* Preview Content */,
			);
			path = "OMT Recording App";
			sourceTree = "<group>";
		};
		2726F41A2C934CCB006ECBD3 /* Preview Content */ = {
			isa = PBXGroup;
			children = (
				2726F41B2C934CCB006ECBD3 /* Preview Assets.xcassets */,
			);
			path = "Preview Content";
			sourceTree = "<group>";
		};
		2726F4242C934CCB006ECBD3 /* OMT Recording AppTests */ = {
			isa = PBXGroup;
			children = (
				2726F4252C934CCB006ECBD3 /* OMT_Recording_AppTests.swift */,
			);
			path = "OMT Recording AppTests";
			sourceTree = "<group>";
		};
		2726F42E2C934CCC006ECBD3 /* OMT Recording AppUITests */ = {
			isa = PBXGroup;
			children = (
				2726F42F2C934CCC006ECBD3 /* OMT_Recording_AppUITests.swift */,
				2726F4312C934CCC006ECBD3 /* OMT_Recording_AppUITestsLaunchTests.swift */,
			);
			path = "OMT Recording AppUITests";
			sourceTree = "<group>";
		};
/* End PBXGroup section */

/* Begin PBXNativeTarget section */
		2726F4102C934CCA006ECBD3 /* OMT Recording App */ = {
			isa = PBXNativeTarget;
			buildConfigurationList = 2726F4352C934CCC006ECBD3 /* Build configuration list for PBXNativeTarget "OMT Recording App" */;
			buildPhases = (
				2726F40D2C934CCA006ECBD3 /* Sources */,
				2726F40E2C934CCA006ECBD3 /* Frameworks */,
				2726F40F2C934CCA006ECBD3 /* Resources */,
			);
			buildRules = (
			);
			dependencies = (
			);
			name = "OMT Recording App";
			productName = "OMT Recording App";
			productReference = 2726F4112C934CCA006ECBD3 /* OMT Recording App.app */;
			productType = "com.apple.product-type.application";
		};
		2726F4202C934CCB006ECBD3 /* OMT Recording AppTests */ = {
			isa = PBXNativeTarget;
			buildConfigurationList = 2726F4382C934CCC006ECBD3 /* Build configuration list for PBXNativeTarget "OMT Recording AppTests" */;
			buildPhases = (
				2726F41D2C934CCB006ECBD3 /* Sources */,
				2726F41E2C934CCB006ECBD3 /* Frameworks */,
				2726F41F2C934CCB006ECBD3 /* Resources */,
			);
			buildRules = (
			);
			dependencies = (
				2726F4232C934CCB006ECBD3 /* PBXTargetDependency */,
			);
			name = "OMT Recording AppTests";
			productName = "OMT Recording AppTests";
			productReference = 2726F4212C934CCB006ECBD3 /* OMT Recording AppTests.xctest */;
			productType = "com.apple.product-type.bundle.unit-test";
		};
		2726F42A2C934CCC006ECBD3 /* OMT Recording AppUITests */ = {
			isa = PBXNativeTarget;
			buildConfigurationList = 2726F43B2C934CCC006ECBD3 /* Build configuration list for PBXNativeTarget "OMT Recording AppUITests" */;
			buildPhases = (
				2726F4272C934CCC006ECBD3 /* Sources */,
				2726F4282C934CCC006ECBD3 /* Frameworks */,
				2726F4292C934CCC006ECBD3 /* Resources */,
			);
			buildRules = (
			);
			dependencies = (
				2726F42D2C934CCC006ECBD3 /* PBXTargetDependency */,
			);
			name = "OMT Recording AppUITests";
			productName = "OMT Recording AppUITests";
			productReference = 2726F42B2C934CCC006ECBD3 /* OMT Recording AppUITests.xctest */;
			productType = "com.apple.product-type.bundle.ui-testing";
		};
/* End PBXNativeTarget section */

/* Begin PBXProject section */
		2726F4092C934CCA006ECBD3 /* Project object */ = {
			isa = PBXProject;
			attributes = {
				BuildIndependentTargetsInParallel = 1;
				LastSwiftUpdateCheck = 1540;
				LastUpgradeCheck = 1540;
				TargetAttributes = {
					2726F4102C934CCA006ECBD3 = {
						CreatedOnToolsVersion = 15.4;
					};
					2726F4202C934CCB006ECBD3 = {
						CreatedOnToolsVersion = 15.4;
						TestTargetID = 2726F4102C934CCA006ECBD3;
					};
					2726F42A2C934CCC006ECBD3 = {
						CreatedOnToolsVersion = 15.4;
						TestTargetID = 2726F4102C934CCA006ECBD3;
					};
				};
			};
			buildConfigurationList = 2726F40C2C934CCA006ECBD3 /* Build configuration list for PBXProject "OMT Recording App" */;
			compatibilityVersion = "Xcode 14.0";
			developmentRegion = en;
			hasScannedForEncodings = 0;
			knownRegions = (
				en,
				Base,
			);
			mainGroup = 2726F4082C934CCA006ECBD3;
			productRefGroup = 2726F4122C934CCA006ECBD3 /* Products */;
			projectDirPath = "";
			projectRoot = "";
			targets = (
				2726F4102C934CCA006ECBD3 /* OMT Recording App */,
				2726F4202C934CCB006ECBD3 /* OMT Recording AppTests */,
				2726F42A2C934CCC006ECBD3 /* OMT Recording AppUITests */,
			);
		};
/* End PBXProject section */

/* Begin PBXResourcesBuildPhase section */
		2726F40F2C934CCA006ECBD3 /* Resources */ = {
			isa = PBXResourcesBuildPhase;
			buildActionMask = 2147483647;
			files = (
				2726F41C2C934CCB006ECBD3 /* Preview Assets.xcassets in Resources */,
				2726F4192C934CCB006ECBD3 /* Assets.xcassets in Resources */,
			);
			runOnlyForDeploymentPostprocessing = 0;
		};
		2726F41F2C934CCB006ECBD3 /* Resources */ = {
			isa = PBXResourcesBuildPhase;
			buildActionMask = 2147483647;
			files = (
			);
			runOnlyForDeploymentPostprocessing = 0;
		};
		2726F4292C934CCC006ECBD3 /* Resources */ = {
			isa = PBXResourcesBuildPhase;
			buildActionMask = 2147483647;
			files = (
			);
			runOnlyForDeploymentPostprocessing = 0;
		};
/* End PBXResourcesBuildPhase section */

/* Begin PBXSourcesBuildPhase section */
		2726F40D2C934CCA006ECBD3 /* Sources */ = {
			isa = PBXSourcesBuildPhase;
			buildActionMask = 2147483647;
			files = (
				2726F4172C934CCA006ECBD3 /* ContentView.swift in Sources */,
				2726F4152C934CCA006ECBD3 /* OMT_Recording_AppApp.swift in Sources */,
			);
			runOnlyForDeploymentPostprocessing = 0;
		};
		2726F41D2C934CCB006ECBD3 /* Sources */ = {
			isa = PBXSourcesBuildPhase;
			buildActionMask = 2147483647;
			files = (
				2726F4262C934CCB006ECBD3 /* OMT_Recording_AppTests.swift in Sources */,
			);
			runOnlyForDeploymentPostprocessing = 0;
		};
		2726F4272C934CCC006ECBD3 /* Sources */ = {
			isa = PBXSourcesBuildPhase;
			buildActionMask = 2147483647;
			files = (
				2726F4302C934CCC006ECBD3 /* OMT_Recording_AppUITests.swift in Sources */,
				2726F4322C934CCC006ECBD3 /* OMT_Recording_AppUITestsLaunchTests.swift in Sources */,
			);
			runOnlyForDeploymentPostprocessing = 0;
		};
/* End PBXSourcesBuildPhase section */

/* Begin PBXTargetDependency section */
		2726F4232C934CCB006ECBD3 /* PBXTargetDependency */ = {
			isa = PBXTargetDependency;
			target = 2726F4102C934CCA006ECBD3 /* OMT Recording App */;
			targetProxy = 2726F4222C934CCB006ECBD3 /* PBXContainerItemProxy */;
		};
		2726F42D2C934CCC006ECBD3 /* PBXTargetDependency */ = {
			isa = PBXTargetDependency;
			target = 2726F4102C934CCA006ECBD3 /* OMT Recording App */;
			targetProxy = 2726F42C2C934CCC006ECBD3 /* PBXContainerItemProxy */;
		};
/* End PBXTargetDependency section */

/* Begin XCBuildConfiguration section */
		2726F4332C934CCC006ECBD3 /* Debug */ = {
			isa = XCBuildConfiguration;
			buildSettings = {
				ALWAYS_SEARCH_USER_PATHS = NO;
				ASSETCATALOG_COMPILER_GENERATE_SWIFT_ASSET_SYMBOL_EXTENSIONS = YES;
				CLANG_ANALYZER_NONNULL = YES;
				CLANG_ANALYZER_NUMBER_OBJECT_CONVERSION = YES_AGGRESSIVE;
				CLANG_CXX_LANGUAGE_STANDARD = "gnu++20";
				CLANG_ENABLE_MODULES = YES;
				CLANG_ENABLE_OBJC_ARC = YES;
				CLANG_ENABLE_OBJC_WEAK = YES;
				CLANG_WARN_BLOCK_CAPTURE_AUTORELEASING = YES;
				CLANG_WARN_BOOL_CONVERSION = YES;
				CLANG_WARN_COMMA = YES;
				CLANG_WARN_CONSTANT_CONVERSION = YES;
				CLANG_WARN_DEPRECATED_OBJC_IMPLEMENTATIONS = YES;
				CLANG_WARN_DIRECT_OBJC_ISA_USAGE = YES_ERROR;
				CLANG_WARN_DOCUMENTATION_COMMENTS = YES;
				CLANG_WARN_EMPTY_BODY = YES;
				CLANG_WARN_ENUM_CONVERSION = YES;
				CLANG_WARN_INFINITE_RECURSION = YES;
				CLANG_WARN_INT_CONVERSION = YES;
				CLANG_WARN_NON_LITERAL_NULL_CONVERSION = YES;
				CLANG_WARN_OBJC_IMPLICIT_RETAIN_SELF = YES;
				CLANG_WARN_OBJC_LITERAL_CONVERSION = YES;
				CLANG_WARN_OBJC_ROOT_CLASS = YES_ERROR;
				CLANG_WARN_QUOTED_INCLUDE_IN_FRAMEWORK_HEADER = YES;
				CLANG_WARN_RANGE_LOOP_ANALYSIS = YES;
				CLANG_WARN_STRICT_PROTOTYPES = YES;
				CLANG_WARN_SUSPICIOUS_MOVE = YES;
				CLANG_WARN_UNGUARDED_AVAILABILITY = YES_AGGRESSIVE;
				CLANG_WARN_UNREACHABLE_CODE = YES;
				CLANG_WARN__DUPLICATE_METHOD_MATCH = YES;
				COPY_PHASE_STRIP = NO;
				DEBUG_INFORMATION_FORMAT = dwarf;
				ENABLE_STRICT_OBJC_MSGSEND = YES;
				ENABLE_TESTABILITY = YES;
				ENABLE_USER_SCRIPT_SANDBOXING = YES;
				GCC_C_LANGUAGE_STANDARD = gnu17;
				GCC_DYNAMIC_NO_PIC = NO;
				GCC_NO_COMMON_BLOCKS = YES;
				GCC_OPTIMIZATION_LEVEL = 0;
				GCC_PREPROCESSOR_DEFINITIONS = (
					"DEBUG=1",
					"$(inherited)",
				);
				GCC_WARN_64_TO_32_BIT_CONVERSION = YES;
				GCC_WARN_ABOUT_RETURN_TYPE = YES_ERROR;
				GCC_WARN_UNDECLARED_SELECTOR = YES;
				GCC_WARN_UNINITIALIZED_AUTOS = YES_AGGRESSIVE;
				GCC_WARN_UNUSED_FUNCTION = YES;
				GCC_WARN_UNUSED_VARIABLE = YES;
				IPHONEOS_DEPLOYMENT_TARGET = 17.5;
				LOCALIZATION_PREFERS_STRING_CATALOGS = YES;
				MTL_ENABLE_DEBUG_INFO = INCLUDE_SOURCE;
				MTL_FAST_MATH = YES;
				ONLY_ACTIVE_ARCH = YES;
				SDKROOT = iphoneos;
				SWIFT_ACTIVE_COMPILATION_CONDITIONS = "DEBUG $(inherited)";
				SWIFT_OPTIMIZATION_LEVEL = "-Onone";
			};
			name = Debug;
		};
		2726F4342C934CCC006ECBD3 /* Release */ = {
			isa = XCBuildConfiguration;
			buildSettings = {
				ALWAYS_SEARCH_USER_PATHS = NO;
				ASSETCATALOG_COMPILER_GENERATE_SWIFT_ASSET_SYMBOL_EXTENSIONS = YES;
				CLANG_ANALYZER_NONNULL = YES;
				CLANG_ANALYZER_NUMBER_OBJECT_CONVERSION = YES_AGGRESSIVE;
				CLANG_CXX_LANGUAGE_STANDARD = "gnu++20";
				CLANG_ENABLE_MODULES = YES;
				CLANG_ENABLE_OBJC_ARC = YES;
				CLANG_ENABLE_OBJC_WEAK = YES;
				CLANG_WARN_BLOCK_CAPTURE_AUTORELEASING = YES;
				CLANG_WARN_BOOL_CONVERSION = YES;
				CLANG_WARN_COMMA = YES;
				CLANG_WARN_CONSTANT_CONVERSION = YES;
				CLANG_WARN_DEPRECATED_OBJC_IMPLEMENTATIONS = YES;
				CLANG_WARN_DIRECT_OBJC_ISA_USAGE = YES_ERROR;
				CLANG_WARN_DOCUMENTATION_COMMENTS = YES;
				CLANG_WARN_EMPTY_BODY = YES;
				CLANG_WARN_ENUM_CONVERSION = YES;
				CLANG_WARN_INFINITE_RECURSION = YES;
				CLANG_WARN_INT_CONVERSION = YES;
				CLANG_WARN_NON_LITERAL_NULL_CONVERSION = YES;
				CLANG_WARN_OBJC_IMPLICIT_RETAIN_SELF = YES;
				CLANG_WARN_OBJC_LITERAL_CONVERSION = YES;
				CLANG_WARN_OBJC_ROOT_CLASS = YES_ERROR;
				CLANG_WARN_QUOTED_INCLUDE_IN_FRAMEWORK_HEADER = YES;
				CLANG_WARN_RANGE_LOOP_ANALYSIS = YES;
				CLANG_WARN_STRICT_PROTOTYPES = YES;
				CLANG_WARN_SUSPICIOUS_MOVE = YES;
				CLANG_WARN_UNGUARDED_AVAILABILITY = YES_AGGRESSIVE;
				CLANG_WARN_UNREACHABLE_CODE = YES;
				CLANG_WARN__DUPLICATE_METHOD_MATCH = YES;
				COPY_PHASE_STRIP = NO;
				DEBUG_INFORMATION_FORMAT = "dwarf-with-dsym";
				ENABLE_NS_ASSERTIONS = NO;
				ENABLE_STRICT_OBJC_MSGSEND = YES;
				ENABLE_USER_SCRIPT_SANDBOXING = YES;
				GCC_C_LANGUAGE_STANDARD = gnu17;
				GCC_NO_COMMON_BLOCKS = YES;
				GCC_WARN_64_TO_32_BIT_CONVERSION = YES;
				GCC_WARN_ABOUT_RETURN_TYPE = YES_ERROR;
				GCC_WARN_UNDECLARED_SELECTOR = YES;
				GCC_WARN_UNINITIALIZED_AUTOS = YES_AGGRESSIVE;
				GCC_WARN_UNUSED_FUNCTION = YES;
				GCC_WARN_UNUSED_VARIABLE = YES;
				IPHONEOS_DEPLOYMENT_TARGET = 17.5;
				LOCALIZATION_PREFERS_STRING_CATALOGS = YES;
				MTL_ENABLE_DEBUG_INFO = NO;
				MTL_FAST_MATH = YES;
				SDKROOT = iphoneos;
				SWIFT_COMPILATION_MODE = wholemodule;
				VALIDATE_PRODUCT = YES;
			};
			name = Release;
		};
		2726F4362C934CCC006ECBD3 /* Debug */ = {
			isa = XCBuildConfiguration;
			buildSettings = {
				ASSETCATALOG_COMPILER_APPICON_NAME = AppIcon;
				ASSETCATALOG_COMPILER_GLOBAL_ACCENT_COLOR_NAME = AccentColor;
				CODE_SIGN_STYLE = Automatic;
				CURRENT_PROJECT_VERSION = 1;
				DEVELOPMENT_ASSET_PATHS = "\"OMT Recording App/Preview Content\"";
				ENABLE_PREVIEWS = YES;
				GENERATE_INFOPLIST_FILE = YES;
				INFOPLIST_KEY_UIApplicationSceneManifest_Generation = YES;
				INFOPLIST_KEY_UIApplicationSupportsIndirectInputEvents = YES;
				INFOPLIST_KEY_UILaunchScreen_Generation = YES;
				INFOPLIST_KEY_UISupportedInterfaceOrientations_iPad = "UIInterfaceOrientationPortrait UIInterfaceOrientationPortraitUpsideDown UIInterfaceOrientationLandscapeLeft UIInterfaceOrientationLandscapeRight";
				INFOPLIST_KEY_UISupportedInterfaceOrientations_iPhone = "UIInterfaceOrientationPortrait UIInterfaceOrientationLandscapeLeft UIInterfaceOrientationLandscapeRight";
				LD_RUNPATH_SEARCH_PATHS = (
					"$(inherited)",
					"@executable_path/Frameworks",
				);
				MARKETING_VERSION = 1.0;
				PRODUCT_BUNDLE_IDENTIFIER = "Testing.OMT-Recording-App";
				PRODUCT_NAME = "$(TARGET_NAME)";
				SWIFT_EMIT_LOC_STRINGS = YES;
				SWIFT_VERSION = 5.0;
				TARGETED_DEVICE_FAMILY = "1,2";
			};
			name = Debug;
		};
		2726F4372C934CCC006ECBD3 /* Release */ = {
			isa = XCBuildConfiguration;
			buildSettings = {
				ASSETCATALOG_COMPILER_APPICON_NAME = AppIcon;
				ASSETCATALOG_COMPILER_GLOBAL_ACCENT_COLOR_NAME = AccentColor;
				CODE_SIGN_STYLE = Automatic;
				CURRENT_PROJECT_VERSION = 1;
				DEVELOPMENT_ASSET_PATHS = "\"OMT Recording App/Preview Content\"";
				ENABLE_PREVIEWS = YES;
				GENERATE_INFOPLIST_FILE = YES;
				INFOPLIST_KEY_UIApplicationSceneManifest_Generation = YES;
				INFOPLIST_KEY_UIApplicationSupportsIndirectInputEvents = YES;
				INFOPLIST_KEY_UILaunchScreen_Generation = YES;
				INFOPLIST_KEY_UISupportedInterfaceOrientations_iPad = "UIInterfaceOrientationPortrait UIInterfaceOrientationPortraitUpsideDown UIInterfaceOrientationLandscapeLeft UIInterfaceOrientationLandscapeRight";
				INFOPLIST_KEY_UISupportedInterfaceOrientations_iPhone = "UIInterfaceOrientationPortrait UIInterfaceOrientationLandscapeLeft UIInterfaceOrientationLandscapeRight";
				LD_RUNPATH_SEARCH_PATHS = (
					"$(inherited)",
					"@executable_path/Frameworks",
				);
				MARKETING_VERSION = 1.0;
				PRODUCT_BUNDLE_IDENTIFIER = "Testing.OMT-Recording-App";
				PRODUCT_NAME = "$(TARGET_NAME)";
				SWIFT_EMIT_LOC_STRINGS = YES;
				SWIFT_VERSION = 5.0;
				TARGETED_DEVICE_FAMILY = "1,2";
			};
			name = Release;
		};
		2726F4392C934CCC006ECBD3 /* Debug */ = {
			isa = XCBuildConfiguration;
			buildSettings = {
				ALWAYS_EMBED_SWIFT_STANDARD_LIBRARIES = YES;
				BUNDLE_LOADER = "$(TEST_HOST)";
				CODE_SIGN_STYLE = Automatic;
				CURRENT_PROJECT_VERSION = 1;
				GENERATE_INFOPLIST_FILE = YES;
				IPHONEOS_DEPLOYMENT_TARGET = 17.5;
				MARKETING_VERSION = 1.0;
				PRODUCT_BUNDLE_IDENTIFIER = "Testing.OMT-Recording-AppTests";
				PRODUCT_NAME = "$(TARGET_NAME)";
				SWIFT_EMIT_LOC_STRINGS = NO;
				SWIFT_VERSION = 5.0;
				TARGETED_DEVICE_FAMILY = "1,2";
				TEST_HOST = "$(BUILT_PRODUCTS_DIR)/OMT Recording App.app/$(BUNDLE_EXECUTABLE_FOLDER_PATH)/OMT Recording App";
			};
			name = Debug;
		};
		2726F43A2C934CCC006ECBD3 /* Release */ = {
			isa = XCBuildConfiguration;
			buildSettings = {
				ALWAYS_EMBED_SWIFT_STANDARD_LIBRARIES = YES;
				BUNDLE_LOADER = "$(TEST_HOST)";
				CODE_SIGN_STYLE = Automatic;
				CURRENT_PROJECT_VERSION = 1;
				GENERATE_INFOPLIST_FILE = YES;
				IPHONEOS_DEPLOYMENT_TARGET = 17.5;
				MARKETING_VERSION = 1.0;
				PRODUCT_BUNDLE_IDENTIFIER = "Testing.OMT-Recording-AppTests";
				PRODUCT_NAME = "$(TARGET_NAME)";
				SWIFT_EMIT_LOC_STRINGS = NO;
				SWIFT_VERSION = 5.0;
				TARGETED_DEVICE_FAMILY = "1,2";
				TEST_HOST = "$(BUILT_PRODUCTS_DIR)/OMT Recording App.app/$(BUNDLE_EXECUTABLE_FOLDER_PATH)/OMT Recording App";
			};
			name = Release;
		};
		2726F43C2C934CCC006ECBD3 /* Debug */ = {
			isa = XCBuildConfiguration;
			buildSettings = {
				ALWAYS_EMBED_SWIFT_STANDARD_LIBRARIES = YES;
				CODE_SIGN_STYLE = Automatic;
				CURRENT_PROJECT_VERSION = 1;
				GENERATE_INFOPLIST_FILE = YES;
				MARKETING_VERSION = 1.0;
				PRODUCT_BUNDLE_IDENTIFIER = "Testing.OMT-Recording-AppUITests";
				PRODUCT_NAME = "$(TARGET_NAME)";
				SWIFT_EMIT_LOC_STRINGS = NO;
				SWIFT_VERSION = 5.0;
				TARGETED_DEVICE_FAMILY = "1,2";
				TEST_TARGET_NAME = "OMT Recording App";
			};
			name = Debug;
		};
		2726F43D2C934CCC006ECBD3 /* Release */ = {
			isa = XCBuildConfiguration;
			buildSettings = {
				ALWAYS_EMBED_SWIFT_STANDARD_LIBRARIES = YES;
				CODE_SIGN_STYLE = Automatic;
				CURRENT_PROJECT_VERSION = 1;
				GENERATE_INFOPLIST_FILE = YES;
				MARKETING_VERSION = 1.0;
				PRODUCT_BUNDLE_IDENTIFIER = "Testing.OMT-Recording-AppUITests";
				PRODUCT_NAME = "$(TARGET_NAME)";
				SWIFT_EMIT_LOC_STRINGS = NO;
				SWIFT_VERSION = 5.0;
				TARGETED_DEVICE_FAMILY = "1,2";
				TEST_TARGET_NAME = "OMT Recording App";
			};
			name = Release;
		};
/* End XCBuildConfiguration section */

/* Begin XCConfigurationList section */
		2726F40C2C934CCA006ECBD3 /* Build configuration list for PBXProject "OMT Recording App" */ = {
			isa = XCConfigurationList;
			buildConfigurations = (
				2726F4332C934CCC006ECBD3 /* Debug */,
				2726F4342C934CCC006ECBD3 /* Release */,
			);
			defaultConfigurationIsVisible = 0;
			defaultConfigurationName = Release;
		};
		2726F4352C934CCC006ECBD3 /* Build configuration list for PBXNativeTarget "OMT Recording App" */ = {
			isa = XCConfigurationList;
			buildConfigurations = (
				2726F4362C934CCC006ECBD3 /* Debug */,
				2726F4372C934CCC006ECBD3 /* Release */,
			);
			defaultConfigurationIsVisible = 0;
			defaultConfigurationName = Release;
		};
		2726F4382C934CCC006ECBD3 /* Build configuration list for PBXNativeTarget "OMT Recording AppTests" */ = {
			isa = XCConfigurationList;
			buildConfigurations = (
				2726F4392C934CCC006ECBD3 /* Debug */,
				2726F43A2C934CCC006ECBD3 /* Release */,
			);
			defaultConfigurationIsVisible = 0;
			defaultConfigurationName = Release;
		};
		2726F43B2C934CCC006ECBD3 /* Build configuration list for PBXNativeTarget "OMT Recording AppUITests" */ = {
			isa = XCConfigurationList;
			buildConfigurations = (
				2726F43C2C934CCC006ECBD3 /* Debug */,
				2726F43D2C934CCC006ECBD3 /* Release */,
			);
			defaultConfigurationIsVisible = 0;
			defaultConfigurationName = Release;
		};
/* End XCConfigurationList section */
	};
	rootObject = 2726F4092C934CCA006ECBD3 /* Project object */;
}
